
Microsoft Visual Studio Solution File, Format Version 12.00
# Visual Studio Version 16
VisualStudioVersion = 16.0.32802.440
MinimumVisualStudioVersion = 10.0.40219.1
Project("{FAE04EC0-301F-11D3-BF4B-00C04F79EFBC}") = "UserTask", "UserTask\UserTask.csproj", "{E6959863-EBBA-4662-B12E-4584ED4ED128}"
EndProject
Global
	GlobalSection(SolutionConfigurationPlatforms) = preSolution
		Debug|Any CPU = Debug|Any CPU
		Release|Any CPU = Release|Any CPU
	EndGlobalSection
	GlobalSection(ProjectConfigurationPlatforms) = postSolution
		{E6959863-EBBA-4662-B12E-4584ED4ED128}.Debug|Any CPU.ActiveCfg = Debug|Any CPU
		{E6959863-EBBA-4662-B12E-4584ED4ED128}.Debug|Any CPU.Build.0 = Debug|Any CPU
		{E6959863-EBBA-4662-B12E-4584ED4ED128}.Release|Any CPU.ActiveCfg = Release|Any CPU
		{E6959863-EBBA-4662-B12E-4584ED4ED128}.Release|Any CPU.Build.0 = Release|Any CPU
	EndGlobalSection
	GlobalSection(SolutionProperties) = preSolution
		HideSolutionNode = FALSE
	EndGlobalSection
	GlobalSection(ExtensibilityGlobals) = postSolution
		SolutionGuid = {056EBFEC-84F5-4B64-B68A-AF92E789697D}
	EndGlobalSection
EndGlobal
